HERMES_AGENT_VERSION=0.19.0
HERMES_AGENT_TAG=v2026.7.20
HERMES_AGENT_REF=3ef6bbd201263d354fd83ec55b3c306ded2eb72a
HERMES_AGENT_WHEEL_URL=https://files.pythonhosted.org/packages/e5/30/c85be8290e9565dc3c7a9720e93f3e59e09b1b163487be4946c3aa848f80/hermes_agent-0.19.0-py3-none-any.whl
HERMES_AGENT_WHEEL_SHA256=bd0bac012aee38a60894781f4597dc29ee7bedb3448540249921f10d3bef327f
